// !$*UTF8*$!
{
	archiveVersion = 1;
	classes = {
	};
	objectVersion = 55;
	objects = {

/* Begin PBXBuildFile section */
		AB63C3D728806C0F008A6297 /* MoreLessLabelView.swift in Sources */ = {isa = PBXBuildFile; fileRef = AB63C3D628806C0F008A6297 /* MoreLessLabelView.swift */; };
		AB63C3D928806C5F008A6297 /* ChevronCircleView.swift in Sources */ = {isa = PBXBuildFile; fileRef = AB63C3D828806C5F008A6297 /* ChevronCircleView.swift */; };
		AB63C3DB28806C94008A6297 /* ChevronArrowView.swift in Sources */ = {isa = PBXBuildFile; fileRef = AB63C3DA28806C94008A6297 /* ChevronArrowView.swift */; };
		AB66F5EC287C881600F7A9A2 /* WeekofYearView.swift in Sources */ = {isa = PBXBuildFile; fileRef = AB66F5EB287C881600F7A9A2 /* WeekofYearView.swift */; };
		AB66F5EE287C901A00F7A9A2 /* SheetTimeView.swift in Sources */ = {isa = PBXBuildFile; fileRef = AB66F5ED287C901A00F7A9A2 /* SheetTimeView.swift */; };
		AB66F5F0287C99C800F7A9A2 /* SheetCityView.swift in Sources */ = {isa = PBXBuildFile; fileRef = AB66F5EF287C99C800F7A9A2 /* SheetCityView.swift */; };
		AB66F5F2287CC74B00F7A9A2 /* MorningEveningView.swift in Sources */ = {isa = PBXBuildFile; fileRef = AB66F5F1287CC74B00F7A9A2 /* MorningEveningView.swift */; };
		AB66F5F6287CCE9A00F7A9A2 /* QuoteStringView.swift in Sources */ = {isa = PBXBuildFile; fileRef = AB66F5F5287CCE9A00F7A9A2 /* QuoteStringView.swift */; };
		AB66F5F8287DAAC400F7A9A2 /* SheetMorningEveningView.swift in Sources */ = {isa = PBXBuildFile; fileRef = AB66F5F7287DAAC400F7A9A2 /* SheetMorningEveningView.swift */; };
		AB80C3CD2878DB0D00919756 /* FEMClockApp.swift in Sources */ = {isa = PBXBuildFile; fileRef = AB80C3CC2878DB0D00919756 /* FEMClockApp.swift */; };
		AB80C3CF2878DB0D00919756 /* ContentView.swift in Sources */ = {isa = PBXBuildFile; fileRef = AB80C3CE2878DB0D00919756 /* ContentView.swift */; };
		AB80C3D12878DB0D00919756 /* Assets.xcassets in Resources */ = {isa = PBXBuildFile; fileRef = AB80C3D02878DB0D00919756 /* Assets.xcassets */; };
		AB80C3D42878DB0D00919756 /* Preview Assets.xcassets in Resources */ = {isa = PBXBuildFile; fileRef = AB80C3D32878DB0D00919756 /* Preview Assets.xcassets */; };
		AB80C3DC2878E01A00919756 /* Inter-Regular.ttf in Resources */ = {isa = PBXBuildFile; fileRef = AB80C3DB2878E01A00919756 /* Inter-Regular.ttf */; };
		AB80C3DE2878E02500919756 /* Inter-Medium.ttf in Resources */ = {isa = PBXBuildFile; fileRef = AB80C3DD2878E02500919756 /* Inter-Medium.ttf */; };
		AB80C3E02878E03200919756 /* Inter-Bold.ttf in Resources */ = {isa = PBXBuildFile; fileRef = AB80C3DF2878E03200919756 /* Inter-Bold.ttf */; };
		AB80C3E22878E04700919756 /* Inter-Thin.ttf in Resources */ = {isa = PBXBuildFile; fileRef = AB80C3E12878E04700919756 /* Inter-Thin.ttf */; };
		AB80C3E52878E0D700919756 /* ViewModel.swift in Sources */ = {isa = PBXBuildFile; fileRef = AB80C3E42878E0D700919756 /* ViewModel.swift */; };
		AB80C3E72878E33500919756 /* TimeModel.swift in Sources */ = {isa = PBXBuildFile; fileRef = AB80C3E62878E33500919756 /* TimeModel.swift */; };
		AB80C3EA2878E3F900919756 /* QuoteModel.swift in Sources */ = {isa = PBXBuildFile; fileRef = AB80C3E92878E3F900919756 /* QuoteModel.swift */; };
		AB80C4042879D2E600919756 /* QuoteView.swift in Sources */ = {isa = PBXBuildFile; fileRef = AB80C4032879D2E600919756 /* QuoteView.swift */; };
		AB90ECD8287B3AD2004F6C80 /* SheetView.swift in Sources */ = {isa = PBXBuildFile; fileRef = AB90ECD7287B3AD2004F6C80 /* SheetView.swift */; };
		AB90ECDA287B3BAF004F6C80 /* Extensions.swift in Sources */ = {isa = PBXBuildFile; fileRef = AB90ECD9287B3BAF004F6C80 /* Extensions.swift */; };
		AB90ECDD287C7304004F6C80 /* SheetBackgroundView.swift in Sources */ = {isa = PBXBuildFile; fileRef = AB90ECDC287C7304004F6C80 /* SheetBackgroundView.swift */; };
		AB90ECDF287C734F004F6C80 /* SheetRectangleView.swift in Sources */ = {isa = PBXBuildFile; fileRef = AB90ECDE287C734F004F6C80 /* SheetRectangleView.swift */; };
		AB90ECE1287C738B004F6C80 /* TimeZoneView.swift in Sources */ = {isa = PBXBuildFile; fileRef = AB90ECE0287C738B004F6C80 /* TimeZoneView.swift */; };
		AB90ECE5287C73FA004F6C80 /* DividerView.swift in Sources */ = {isa = PBXBuildFile; fileRef = AB90ECE4287C73FA004F6C80 /* DividerView.swift */; };
		AB90ECE7287C7DA9004F6C80 /* DayofWeekView.swift in Sources */ = {isa = PBXBuildFile; fileRef = AB90ECE6287C7DA9004F6C80 /* DayofWeekView.swift */; };
		AB90ECE9287C8011004F6C80 /* DayofMonthView.swift in Sources */ = {isa = PBXBuildFile; fileRef = AB90ECE8287C8011004F6C80 /* DayofMonthView.swift */; };
		ABD440FA2879DA7400D7ACA7 /* BackgroundImageView.swift in Sources */ = {isa = PBXBuildFile; fileRef = ABD440F92879DA7400D7ACA7 /* BackgroundImageView.swift */; };
		ABD440FC2879E4F000D7ACA7 /* Inter-ExtraBold.ttf in Resources */ = {isa = PBXBuildFile; fileRef = ABD440FB2879E4F000D7ACA7 /* Inter-ExtraBold.ttf */; };
		ABD441062879F14600D7ACA7 /* CityView.swift in Sources */ = {isa = PBXBuildFile; fileRef = ABD441052879F14600D7ACA7 /* CityView.swift */; };
		ABD4410D2879FFD700D7ACA7 /* AddressModel.swift in Sources */ = {isa = PBXBuildFile; fileRef = ABD4410C2879FFD700D7ACA7 /* AddressModel.swift */; };
		ABD4410F287A003600D7ACA7 /* CurrencyModel.swift in Sources */ = {isa = PBXBuildFile; fileRef = ABD4410E287A003600D7ACA7 /* CurrencyModel.swift */; };
		ABD44111287A004F00D7ACA7 /* TimeZoneModel.swift in Sources */ = {isa = PBXBuildFile; fileRef = ABD44110287A004F00D7ACA7 /* TimeZoneModel.swift */; };
		ABDF25E0287A14A400F50AD9 /* TimeView.swift in Sources */ = {isa = PBXBuildFile; fileRef = ABDF25DF287A14A400F50AD9 /* TimeView.swift */; };
		ABDF25E2287B18D800F50AD9 /* MoreLessView.swift in Sources */ = {isa = PBXBuildFile; fileRef = ABDF25E1287B18D800F50AD9 /* MoreLessView.swift */; };
/* End PBXBuildFile section */

/* Begin PBXFileReference section */
		AB63C3D628806C0F008A6297 /* MoreLessLabelView.swift */ = {isa = PBXFileReference; lastKnownFileType = sourcecode.swift; path = MoreLessLabelView.swift; sourceTree = "<group>"; };
		AB63C3D828806C5F008A6297 /* ChevronCircleView.swift */ = {isa = PBXFileReference; lastKnownFileType = sourcecode.swift; path = ChevronCircleView.swift; sourceTree = "<group>"; };
		AB63C3DA28806C94008A6297 /* ChevronArrowView.swift */ = {isa = PBXFileReference; lastKnownFileType = sourcecode.swift; path = ChevronArrowView.swift; sourceTree = "<group>"; };
		AB66F5EB287C881600F7A9A2 /* WeekofYearView.swift */ = {isa = PBXFileReference; lastKnownFileType = sourcecode.swift; path = WeekofYearView.swift; sourceTree = "<group>"; };
		AB66F5ED287C901A00F7A9A2 /* SheetTimeView.swift */ = {isa = PBXFileReference; lastKnownFileType = sourcecode.swift; path = SheetTimeView.swift; sourceTree = "<group>"; };
		AB66F5EF287C99C800F7A9A2 /* SheetCityView.swift */ = {isa = PBXFileReference; lastKnownFileType = sourcecode.swift; path = SheetCityView.swift; sourceTree = "<group>"; };
		AB66F5F1287CC74B00F7A9A2 /* MorningEveningView.swift */ = {isa = PBXFileReference; lastKnownFileType = sourcecode.swift; path = MorningEveningView.swift; sourceTree = "<group>"; };
		AB66F5F5287CCE9A00F7A9A2 /* QuoteStringView.swift */ = {isa = PBXFileReference; lastKnownFileType = sourcecode.swift; path = QuoteStringView.swift; sourceTree = "<group>"; };
		AB66F5F7287DAAC400F7A9A2 /* SheetMorningEveningView.swift */ = {isa = PBXFileReference; lastKnownFileType = sourcecode.swift; path = SheetMorningEveningView.swift; sourceTree = "<group>"; };
		AB80C3C92878DB0D00919756 /* FEMClock.app */ = {isa = PBXFileReference; explicitFileType = wrapper.application; includeInIndex = 0; path = FEMClock.app; sourceTree = BUILT_PRODUCTS_DIR; };
		AB80C3CC2878DB0D00919756 /* FEMClockApp.swift */ = {isa = PBXFileReference; lastKnownFileType = sourcecode.swift; path = FEMClockApp.swift; sourceTree = "<group>"; };
		AB80C3CE2878DB0D00919756 /* ContentView.swift */ = {isa = PBXFileReference; lastKnownFileType = sourcecode.swift; path = ContentView.swift; sourceTree = "<group>"; };
		AB80C3D02878DB0D00919756 /* Assets.xcassets */ = {isa = PBXFileReference; lastKnownFileType = folder.assetcatalog; path = Assets.xcassets; sourceTree = "<group>"; };
		AB80C3D32878DB0D00919756 /* Preview Assets.xcassets */ = {isa = PBXFileReference; lastKnownFileType = folder.assetcatalog; path = "Preview Assets.xcassets"; sourceTree = "<group>"; };
		AB80C3DB2878E01A00919756 /* Inter-Regular.ttf */ = {isa = PBXFileReference; lastKnownFileType = file; path = "Inter-Regular.ttf"; sourceTree = "<group>"; };
		AB80C3DD2878E02500919756 /* Inter-Medium.ttf */ = {isa = PBXFileReference; lastKnownFileType = file; path = "Inter-Medium.ttf"; sourceTree = "<group>"; };
		AB80C3DF2878E03200919756 /* Inter-Bold.ttf */ = {isa = PBXFileReference; lastKnownFileType = file; path = "Inter-Bold.ttf"; sourceTree = "<group>"; };
		AB80C3E12878E04700919756 /* Inter-Thin.ttf */ = {isa = PBXFileReference; lastKnownFileType = file; path = "Inter-Thin.ttf"; sourceTree = "<group>"; };
		AB80C3E32878E06500919756 /* Info.plist */ = {isa = PBXFileReference; lastKnownFileType = text.plist; path = Info.plist; sourceTree = "<group>"; };
		AB80C3E42878E0D700919756 /* ViewModel.swift */ = {isa = PBXFileReference; lastKnownFileType = sourcecode.swift; path = ViewModel.swift; sourceTree = "<group>"; };
		AB80C3E62878E33500919756 /* TimeModel.swift */ = {isa = PBXFileReference; lastKnownFileType = sourcecode.swift; path = TimeModel.swift; sourceTree = "<group>"; };
		AB80C3E92878E3F900919756 /* QuoteModel.swift */ = {isa = PBXFileReference; lastKnownFileType = sourcecode.swift; path = QuoteModel.swift; sourceTree = "<group>"; };
		AB80C4032879D2E600919756 /* QuoteView.swift */ = {isa = PBXFileReference; lastKnownFileType = sourcecode.swift; path = QuoteView.swift; sourceTree = "<group>"; };
		AB90ECD7287B3AD2004F6C80 /* SheetView.swift */ = {isa = PBXFileReference; lastKnownFileType = sourcecode.swift; path = SheetView.swift; sourceTree = "<group>"; };
		AB90ECD9287B3BAF004F6C80 /* Extensions.swift */ = {isa = PBXFileReference; lastKnownFileType = sourcecode.swift; path = Extensions.swift; sourceTree = "<group>"; };
		AB90ECDC287C7304004F6C80 /* SheetBackgroundView.swift */ = {isa = PBXFileReference; lastKnownFileType = sourcecode.swift; path = SheetBackgroundView.swift; sourceTree = "<group>"; };
		AB90ECDE287C734F004F6C80 /* SheetRectangleView.swift */ = {isa = PBXFileReference; lastKnownFileType = sourcecode.swift; path = SheetRectangleView.swift; sourceTree = "<group>"; };
		AB90ECE0287C738B004F6C80 /* TimeZoneView.swift */ = {isa = PBXFileReference; lastKnownFileType = sourcecode.swift; path = TimeZoneView.swift; sourceTree = "<group>"; };
		AB90ECE4287C73FA004F6C80 /* DividerView.swift */ = {isa = PBXFileReference; lastKnownFileType = sourcecode.swift; path = DividerView.swift; sourceTree = "<group>"; };
		AB90ECE6287C7DA9004F6C80 /* DayofWeekView.swift */ = {isa = PBXFileReference; lastKnownFileType = sourcecode.swift; path = DayofWeekView.swift; sourceTree = "<group>"; };
		AB90ECE8287C8011004F6C80 /* DayofMonthView.swift */ = {isa = PBXFileReference; lastKnownFileType = sourcecode.swift; path = DayofMonthView.swift; sourceTree = "<group>"; };
		ABD440F92879DA7400D7ACA7 /* BackgroundImageView.swift */ = {isa = PBXFileReference; lastKnownFileType = sourcecode.swift; path = BackgroundImageView.swift; sourceTree = "<group>"; };
		ABD440FB2879E4F000D7ACA7 /* Inter-ExtraBold.ttf */ = {isa = PBXFileReference; lastKnownFileType = file; path = "Inter-ExtraBold.ttf"; sourceTree = "<group>"; };
		ABD441052879F14600D7ACA7 /* CityView.swift */ = {isa = PBXFileReference; lastKnownFileType = sourcecode.swift; path = CityView.swift; sourceTree = "<group>"; };
		ABD4410C2879FFD700D7ACA7 /* AddressModel.swift */ = {isa = PBXFileReference; lastKnownFileType = sourcecode.swift; path = AddressModel.swift; sourceTree = "<group>"; };
		ABD4410E287A003600D7ACA7 /* CurrencyModel.swift */ = {isa = PBXFileReference; lastKnownFileType = sourcecode.swift; path = CurrencyModel.swift; sourceTree = "<group>"; };
		ABD44110287A004F00D7ACA7 /* TimeZoneModel.swift */ = {isa = PBXFileReference; lastKnownFileType = sourcecode.swift; path = TimeZoneModel.swift; sourceTree = "<group>"; };
		ABDF25DF287A14A400F50AD9 /* TimeView.swift */ = {isa = PBXFileReference; lastKnownFileType = sourcecode.swift; path = TimeView.swift; sourceTree = "<group>"; };
		ABDF25E1287B18D800F50AD9 /* MoreLessView.swift */ = {isa = PBXFileReference; lastKnownFileType = sourcecode.swift; path = MoreLessView.swift; sourceTree = "<group>"; };
/* End PBXFileReference section */

/* Begin PBXFrameworksBuildPhase section */
		AB80C3C62878DB0D00919756 /* Frameworks */ = {
			isa = PBXFrameworksBuildPhase;
			buildActionMask = 2147483647;
			files = (
			);
			runOnlyForDeploymentPostprocessing = 0;
		};
/* End PBXFrameworksBuildPhase section */

/* Begin PBXGroup section */
		AB63C3D528806BCF008A6297 /* MoreLessGroupView */ = {
			isa = PBXGroup;
			children = (
				ABDF25E1287B18D800F50AD9 /* MoreLessView.swift */,
				AB63C3D628806C0F008A6297 /* MoreLessLabelView.swift */,
				AB63C3D828806C5F008A6297 /* ChevronCircleView.swift */,
				AB63C3DA28806C94008A6297 /* ChevronArrowView.swift */,
			);
			path = MoreLessGroupView;
			sourceTree = "<group>";
		};
		AB80C3C02878DB0C00919756 = {
			isa = PBXGroup;
			children = (
				AB80C3CB2878DB0D00919756 /* FEMClock */,
				AB80C3CA2878DB0D00919756 /* Products */,
			);
			sourceTree = "<group>";
		};
		AB80C3CA2878DB0D00919756 /* Products */ = {
			isa = PBXGroup;
			children = (
				AB80C3C92878DB0D00919756 /* FEMClock.app */,
			);
			name = Products;
			sourceTree = "<group>";
		};
		AB80C3CB2878DB0D00919756 /* FEMClock */ = {
			isa = PBXGroup;
			children = (
				AB80C3E32878E06500919756 /* Info.plist */,
				AB80C3CC2878DB0D00919756 /* FEMClockApp.swift */,
				AB80C3CE2878DB0D00919756 /* ContentView.swift */,
				AB80C4022879D2C300919756 /* View */,
				AB80C3E82878E3E200919756 /* Model */,
				AB80C3E42878E0D700919756 /* ViewModel.swift */,
				AB90ECD9287B3BAF004F6C80 /* Extensions.swift */,
				AB80C3D02878DB0D00919756 /* Assets.xcassets */,
				AB80C3DA2878E00900919756 /* Fonts */,
				AB80C3D22878DB0D00919756 /* Preview Content */,
			);
			path = FEMClock;
			sourceTree = "<group>";
		};
		AB80C3D22878DB0D00919756 /* Preview Content */ = {
			isa = PBXGroup;
			children = (
				AB80C3D32878DB0D00919756 /* Preview Assets.xcassets */,
			);
			path = "Preview Content";
			sourceTree = "<group>";
		};
		AB80C3DA2878E00900919756 /* Fonts */ = {
			isa = PBXGroup;
			children = (
				AB80C3DF2878E03200919756 /* Inter-Bold.ttf */,
				AB80C3DD2878E02500919756 /* Inter-Medium.ttf */,
				AB80C3DB2878E01A00919756 /* Inter-Regular.ttf */,
				AB80C3E12878E04700919756 /* Inter-Thin.ttf */,
				ABD440FB2879E4F000D7ACA7 /* Inter-ExtraBold.ttf */,
			);
			path = Fonts;
			sourceTree = "<group>";
		};
		AB80C3E82878E3E200919756 /* Model */ = {
			isa = PBXGroup;
			children = (
				ABD441092879FF7A00D7ACA7 /* AddressGroupView */,
				AB80C3E62878E33500919756 /* TimeModel.swift */,
				AB80C3E92878E3F900919756 /* QuoteModel.swift */,
			);
			path = Model;
			sourceTree = "<group>";
		};
		AB80C4022879D2C300919756 /* View */ = {
			isa = PBXGroup;
			children = (
				ABD440F92879DA7400D7ACA7 /* BackgroundImageView.swift */,
				AB80C4032879D2E600919756 /* QuoteView.swift */,
				AB66F5F5287CCE9A00F7A9A2 /* QuoteStringView.swift */,
				AB66F5F1287CC74B00F7A9A2 /* MorningEveningView.swift */,
				ABDF25DF287A14A400F50AD9 /* TimeView.swift */,
				ABD441052879F14600D7ACA7 /* CityView.swift */,
				AB63C3D528806BCF008A6297 /* MoreLessGroupView */,
				AB90ECDB287B829A004F6C80 /* SheetGroupView */,
			);
			path = View;
			sourceTree = "<group>";
		};
		AB90ECDB287B829A004F6C80 /* SheetGroupView */ = {
			isa = PBXGroup;
			children = (
				AB90ECD7287B3AD2004F6C80 /* SheetView.swift */,
				AB90ECDC287C7304004F6C80 /* SheetBackgroundView.swift */,
				AB66F5F7287DAAC400F7A9A2 /* SheetMorningEveningView.swift */,
				AB66F5ED287C901A00F7A9A2 /* SheetTimeView.swift */,
				AB66F5EF287C99C800F7A9A2 /* SheetCityView.swift */,
				AB90ECDE287C734F004F6C80 /* SheetRectangleView.swift */,
				AB90ECE0287C738B004F6C80 /* TimeZoneView.swift */,
				AB90ECE8287C8011004F6C80 /* DayofMonthView.swift */,
				AB90ECE4287C73FA004F6C80 /* DividerView.swift */,
				AB90ECE6287C7DA9004F6C80 /* DayofWeekView.swift */,
				AB66F5EB287C881600F7A9A2 /* WeekofYearView.swift */,
			);
			path = SheetGroupView;
			sourceTree = "<group>";
		};
		ABD441092879FF7A00D7ACA7 /* AddressGroupView */ = {
			isa = PBXGroup;
			children = (
				ABD4410C2879FFD700D7ACA7 /* AddressModel.swift */,
				ABD4410E287A003600D7ACA7 /* CurrencyModel.swift */,
				ABD44110287A004F00D7ACA7 /* TimeZoneModel.swift */,
			);
			path = AddressGroupView;
			sourceTree = "<group>";
		};
/* End PBXGroup section */

/* Begin PBXNativeTarget section */
		AB80C3C82878DB0D00919756 /* FEMClock */ = {
			isa = PBXNativeTarget;
			buildConfigurationList = AB80C3D72878DB0D00919756 /* Build configuration list for PBXNativeTarget "FEMClock" */;
			buildPhases = (
				AB80C3C52878DB0D00919756 /* Sources */,
				AB80C3C62878DB0D00919756 /* Frameworks */,
				AB80C3C72878DB0D00919756 /* Resources */,
			);
			buildRules = (
			);
			dependencies = (
			);
			name = FEMClock;
			productName = FEMClock;
			productReference = AB80C3C92878DB0D00919756 /* FEMClock.app */;
			productType = "com.apple.product-type.application";
		};
/* End PBXNativeTarget section */

/* Begin PBXProject section */
		AB80C3C12878DB0C00919756 /* Project object */ = {
			isa = PBXProject;
			attributes = {
				BuildIndependentTargetsInParallel = 1;
				LastSwiftUpdateCheck = 1340;
				LastUpgradeCheck = 1340;
				TargetAttributes = {
					AB80C3C82878DB0D00919756 = {
						CreatedOnToolsVersion = 13.4.1;
					};
				};
			};
			buildConfigurationList = AB80C3C42878DB0C00919756 /* Build configuration list for PBXProject "FEMClock" */;
			compatibilityVersion = "Xcode 13.0";
			developmentRegion = en;
			hasScannedForEncodings = 0;
			knownRegions = (
				en,
				Base,
			);
			mainGroup = AB80C3C02878DB0C00919756;
			productRefGroup = AB80C3CA2878DB0D00919756 /* Products */;
			projectDirPath = "";
			projectRoot = "";
			targets = (
				AB80C3C82878DB0D00919756 /* FEMClock */,
			);
		};
/* End PBXProject section */

/* Begin PBXResourcesBuildPhase section */
		AB80C3C72878DB0D00919756 /* Resources */ = {
			isa = PBXResourcesBuildPhase;
			buildActionMask = 2147483647;
			files = (
				AB80C3DE2878E02500919756 /* Inter-Medium.ttf in Resources */,
				AB80C3E02878E03200919756 /* Inter-Bold.ttf in Resources */,
				AB80C3E22878E04700919756 /* Inter-Thin.ttf in Resources */,
				ABD440FC2879E4F000D7ACA7 /* Inter-ExtraBold.ttf in Resources */,
				AB80C3D42878DB0D00919756 /* Preview Assets.xcassets in Resources */,
				AB80C3DC2878E01A00919756 /* Inter-Regular.ttf in Resources */,
				AB80C3D12878DB0D00919756 /* Assets.xcassets in Resources */,
			);
			runOnlyForDeploymentPostprocessing = 0;
		};
/* End PBXResourcesBuildPhase section */

/* Begin PBXSourcesBuildPhase section */
		AB80C3C52878DB0D00919756 /* Sources */ = {
			isa = PBXSourcesBuildPhase;
			buildActionMask = 2147483647;
			files = (
				ABD4410F287A003600D7ACA7 /* CurrencyModel.swift in Sources */,
				ABD44111287A004F00D7ACA7 /* TimeZoneModel.swift in Sources */,
				AB80C3EA2878E3F900919756 /* QuoteModel.swift in Sources */,
				AB80C3CF2878DB0D00919756 /* ContentView.swift in Sources */,
				AB80C4042879D2E600919756 /* QuoteView.swift in Sources */,
				AB66F5F2287CC74B00F7A9A2 /* MorningEveningView.swift in Sources */,
				AB66F5F8287DAAC400F7A9A2 /* SheetMorningEveningView.swift in Sources */,
				ABD440FA2879DA7400D7ACA7 /* BackgroundImageView.swift in Sources */,
				AB90ECE9287C8011004F6C80 /* DayofMonthView.swift in Sources */,
				AB63C3D928806C5F008A6297 /* ChevronCircleView.swift in Sources */,
				ABD441062879F14600D7ACA7 /* CityView.swift in Sources */,
				AB66F5EC287C881600F7A9A2 /* WeekofYearView.swift in Sources */,
				AB63C3D728806C0F008A6297 /* MoreLessLabelView.swift in Sources */,
				AB90ECDF287C734F004F6C80 /* SheetRectangleView.swift in Sources */,
				ABD4410D2879FFD700D7ACA7 /* AddressModel.swift in Sources */,
				AB66F5F0287C99C800F7A9A2 /* SheetCityView.swift in Sources */,
				AB90ECDD287C7304004F6C80 /* SheetBackgroundView.swift in Sources */,
				AB90ECD8287B3AD2004F6C80 /* SheetView.swift in Sources */,
				AB66F5EE287C901A00F7A9A2 /* SheetTimeView.swift in Sources */,
				AB90ECE7287C7DA9004F6C80 /* DayofWeekView.swift in Sources */,
				AB66F5F6287CCE9A00F7A9A2 /* QuoteStringView.swift in Sources */,
				AB80C3E52878E0D700919756 /* ViewModel.swift in Sources */,
				AB90ECDA287B3BAF004F6C80 /* Extensions.swift in Sources */,
				AB90ECE5287C73FA004F6C80 /* DividerView.swift in Sources */,
				AB63C3DB28806C94008A6297 /* ChevronArrowView.swift in Sources */,
				AB90ECE1287C738B004F6C80 /* TimeZoneView.swift in Sources */,
				AB80C3E72878E33500919756 /* TimeModel.swift in Sources */,
				AB80C3CD2878DB0D00919756 /* FEMClockApp.swift in Sources */,
				ABDF25E0287A14A400F50AD9 /* TimeView.swift in Sources */,
				ABDF25E2287B18D800F50AD9 /* MoreLessView.swift in Sources */,
			);
			runOnlyForDeploymentPostprocessing = 0;
		};
/* End PBXSourcesBuildPhase section */

/* Begin XCBuildConfiguration section */
		AB80C3D52878DB0D00919756 /* Debug */ = {
			isa = XCBuildConfiguration;
			buildSettings = {
				ALWAYS_SEARCH_USER_PATHS = NO;
				CLANG_ANALYZER_NONNULL = YES;
				CLANG_ANALYZER_NUMBER_OBJECT_CONVERSION = YES_AGGRESSIVE;
				CLANG_CXX_LANGUAGE_STANDARD = "gnu++17";
				CLANG_ENABLE_MODULES = YES;
				CLANG_ENABLE_OBJC_ARC = YES;
				CLANG_ENABLE_OBJC_WEAK = YES;
				CLANG_WARN_BLOCK_CAPTURE_AUTORELEASING = YES;
				CLANG_WARN_BOOL_CONVERSION = YES;
				CLANG_WARN_COMMA = YES;
				CLANG_WARN_CONSTANT_CONVERSION = YES;
				CLANG_WARN_DEPRECATED_OBJC_IMPLEMENTATIONS = YES;
				CLANG_WARN_DIRECT_OBJC_ISA_USAGE = YES_ERROR;
				CLANG_WARN_DOCUMENTATION_COMMENTS = YES;
				CLANG_WARN_EMPTY_BODY = YES;
				CLANG_WARN_ENUM_CONVERSION = YES;
				CLANG_WARN_INFINITE_RECURSION = YES;
				CLANG_WARN_INT_CONVERSION = YES;
				CLANG_WARN_NON_LITERAL_NULL_CONVERSION = YES;
				CLANG_WARN_OBJC_IMPLICIT_RETAIN_SELF = YES;
				CLANG_WARN_OBJC_LITERAL_CONVERSION = YES;
				CLANG_WARN_OBJC_ROOT_CLASS = YES_ERROR;
				CLANG_WARN_QUOTED_INCLUDE_IN_FRAMEWORK_HEADER = YES;
				CLANG_WARN_RANGE_LOOP_ANALYSIS = YES;
				CLANG_WARN_STRICT_PROTOTYPES = YES;
				CLANG_WARN_SUSPICIOUS_MOVE = YES;
				CLANG_WARN_UNGUARDED_AVAILABILITY = YES_AGGRESSIVE;
				CLANG_WARN_UNREACHABLE_CODE = YES;
				CLANG_WARN__DUPLICATE_METHOD_MATCH = YES;
				COPY_PHASE_STRIP = NO;
				DEBUG_INFORMATION_FORMAT = dwarf;
				ENABLE_STRICT_OBJC_MSGSEND = YES;
				ENABLE_TESTABILITY = YES;
				GCC_C_LANGUAGE_STANDARD = gnu11;
				GCC_DYNAMIC_NO_PIC = NO;
				GCC_NO_COMMON_BLOCKS = YES;
				GCC_OPTIMIZATION_LEVEL = 0;
				GCC_PREPROCESSOR_DEFINITIONS = (
					"DEBUG=1",
					"$(inherited)",
				);
				GCC_WARN_64_TO_32_BIT_CONVERSION = YES;
				GCC_WARN_ABOUT_RETURN_TYPE = YES_ERROR;
				GCC_WARN_UNDECLARED_SELECTOR = YES;
				GCC_WARN_UNINITIALIZED_AUTOS = YES_AGGRESSIVE;
				GCC_WARN_UNUSED_FUNCTION = YES;
				GCC_WARN_UNUSED_VARIABLE = YES;
				IPHONEOS_DEPLOYMENT_TARGET = 15.5;
				MTL_ENABLE_DEBUG_INFO = INCLUDE_SOURCE;
				MTL_FAST_MATH = YES;
				ONLY_ACTIVE_ARCH = YES;
				SDKROOT = iphoneos;
				SWIFT_ACTIVE_COMPILATION_CONDITIONS = DEBUG;
				SWIFT_OPTIMIZATION_LEVEL = "-Onone";
			};
			name = Debug;
		};
		AB80C3D62878DB0D00919756 /* Release */ = {
			isa = XCBuildConfiguration;
			buildSettings = {
				ALWAYS_SEARCH_USER_PATHS = NO;
				CLANG_ANALYZER_NONNULL = YES;
				CLANG_ANALYZER_NUMBER_OBJECT_CONVERSION = YES_AGGRESSIVE;
				CLANG_CXX_LANGUAGE_STANDARD = "gnu++17";
				CLANG_ENABLE_MODULES = YES;
				CLANG_ENABLE_OBJC_ARC = YES;
				CLANG_ENABLE_OBJC_WEAK = YES;
				CLANG_WARN_BLOCK_CAPTURE_AUTORELEASING = YES;
				CLANG_WARN_BOOL_CONVERSION = YES;
				CLANG_WARN_COMMA = YES;
				CLANG_WARN_CONSTANT_CONVERSION = YES;
				CLANG_WARN_DEPRECATED_OBJC_IMPLEMENTATIONS = YES;
				CLANG_WARN_DIRECT_OBJC_ISA_USAGE = YES_ERROR;
				CLANG_WARN_DOCUMENTATION_COMMENTS = YES;
				CLANG_WARN_EMPTY_BODY = YES;
				CLANG_WARN_ENUM_CONVERSION = YES;
				CLANG_WARN_INFINITE_RECURSION = YES;
				CLANG_WARN_INT_CONVERSION = YES;
				CLANG_WARN_NON_LITERAL_NULL_CONVERSION = YES;
				CLANG_WARN_OBJC_IMPLICIT_RETAIN_SELF = YES;
				CLANG_WARN_OBJC_LITERAL_CONVERSION = YES;
				CLANG_WARN_OBJC_ROOT_CLASS = YES_ERROR;
				CLANG_WARN_QUOTED_INCLUDE_IN_FRAMEWORK_HEADER = YES;
				CLANG_WARN_RANGE_LOOP_ANALYSIS = YES;
				CLANG_WARN_STRICT_PROTOTYPES = YES;
				CLANG_WARN_SUSPICIOUS_MOVE = YES;
				CLANG_WARN_UNGUARDED_AVAILABILITY = YES_AGGRESSIVE;
				CLANG_WARN_UNREACHABLE_CODE = YES;
				CLANG_WARN__DUPLICATE_METHOD_MATCH = YES;
				COPY_PHASE_STRIP = NO;
				DEBUG_INFORMATION_FORMAT = "dwarf-with-dsym";
				ENABLE_NS_ASSERTIONS = NO;
				ENABLE_STRICT_OBJC_MSGSEND = YES;
				GCC_C_LANGUAGE_STANDARD = gnu11;
				GCC_NO_COMMON_BLOCKS = YES;
				GCC_WARN_64_TO_32_BIT_CONVERSION = YES;
				GCC_WARN_ABOUT_RETURN_TYPE = YES_ERROR;
				GCC_WARN_UNDECLARED_SELECTOR = YES;
				GCC_WARN_UNINITIALIZED_AUTOS = YES_AGGRESSIVE;
				GCC_WARN_UNUSED_FUNCTION = YES;
				GCC_WARN_UNUSED_VARIABLE = YES;
				IPHONEOS_DEPLOYMENT_TARGET = 15.5;
				MTL_ENABLE_DEBUG_INFO = NO;
				MTL_FAST_MATH = YES;
				SDKROOT = iphoneos;
				SWIFT_COMPILATION_MODE = wholemodule;
				SWIFT_OPTIMIZATION_LEVEL = "-O";
				VALIDATE_PRODUCT = YES;
			};
			name = Release;
		};
		AB80C3D82878DB0D00919756 /* Debug */ = {
			isa = XCBuildConfiguration;
			buildSettings = {
				ASSETCATALOG_COMPILER_APPICON_NAME = AppIcon;
				ASSETCATALOG_COMPILER_GLOBAL_ACCENT_COLOR_NAME = AccentColor;
				CODE_SIGN_STYLE = Automatic;
				CURRENT_PROJECT_VERSION = 1;
				DEVELOPMENT_ASSET_PATHS = "\"FEMClock/Preview Content\"";
				DEVELOPMENT_TEAM = 25MBFXXLA7;
				ENABLE_PREVIEWS = YES;
				GENERATE_INFOPLIST_FILE = YES;
				INFOPLIST_FILE = FEMClock/Info.plist;
				INFOPLIST_KEY_UIApplicationSceneManifest_Generation = YES;
				INFOPLIST_KEY_UIApplicationSupportsIndirectInputEvents = YES;
				INFOPLIST_KEY_UILaunchScreen_Generation = YES;
				INFOPLIST_KEY_UISupportedInterfaceOrientations = "UIInterfaceOrientationPortraitUpsideDown UIInterfaceOrientationLandscapeLeft UIInterfaceOrientationLandscapeRight UIInterfaceOrientationPortrait";
				INFOPLIST_KEY_UISupportedInterfaceOrientations_iPad = "UIInterfaceOrientationPortrait UIInterfaceOrientationPortraitUpsideDown UIInterfaceOrientationLandscapeLeft UIInterfaceOrientationLandscapeRight";
				INFOPLIST_KEY_UISupportedInterfaceOrientations_iPhone = "UIInterfaceOrientationPortrait UIInterfaceOrientationLandscapeLeft UIInterfaceOrientationLandscapeRight";
				LD_RUNPATH_SEARCH_PATHS = (
					"$(inherited)",
					"@executable_path/Frameworks",
				);
				MARKETING_VERSION = 1.0;
				PRODUCT_BUNDLE_IDENTIFIER = co.rar.FEMClock;
				PRODUCT_NAME = "$(TARGET_NAME)";
				SWIFT_EMIT_LOC_STRINGS = YES;
				SWIFT_VERSION = 5.0;
				TARGETED_DEVICE_FAMILY = 2;
			};
			name = Debug;
		};
		AB80C3D92878DB0D00919756 /* Release */ = {
			isa = XCBuildConfiguration;
			buildSettings = {
				ASSETCATALOG_COMPILER_APPICON_NAME = AppIcon;
				ASSETCATALOG_COMPILER_GLOBAL_ACCENT_COLOR_NAME = AccentColor;
				CODE_SIGN_STYLE = Automatic;
				CURRENT_PROJECT_VERSION = 1;
				DEVELOPMENT_ASSET_PATHS = "\"FEMClock/Preview Content\"";
				DEVELOPMENT_TEAM = 25MBFXXLA7;
				ENABLE_PREVIEWS = YES;
				GENERATE_INFOPLIST_FILE = YES;
				INFOPLIST_FILE = FEMClock/Info.plist;
				INFOPLIST_KEY_UIApplicationSceneManifest_Generation = YES;
				INFOPLIST_KEY_UIApplicationSupportsIndirectInputEvents = YES;
				INFOPLIST_KEY_UILaunchScreen_Generation = YES;
				INFOPLIST_KEY_UISupportedInterfaceOrientations = "UIInterfaceOrientationPortraitUpsideDown UIInterfaceOrientationLandscapeLeft UIInterfaceOrientationLandscapeRight UIInterfaceOrientationPortrait";
				INFOPLIST_KEY_UISupportedInterfaceOrientations_iPad = "UIInterfaceOrientationPortrait UIInterfaceOrientationPortraitUpsideDown UIInterfaceOrientationLandscapeLeft UIInterfaceOrientationLandscapeRight";
				INFOPLIST_KEY_UISupportedInterfaceOrientations_iPhone = "UIInterfaceOrientationPortrait UIInterfaceOrientationLandscapeLeft UIInterfaceOrientationLandscapeRight";
				LD_RUNPATH_SEARCH_PATHS = (
					"$(inherited)",
					"@executable_path/Frameworks",
				);
				MARKETING_VERSION = 1.0;
				PRODUCT_BUNDLE_IDENTIFIER = co.rar.FEMClock;
				PRODUCT_NAME = "$(TARGET_NAME)";
				SWIFT_EMIT_LOC_STRINGS = YES;
				SWIFT_VERSION = 5.0;
				TARGETED_DEVICE_FAMILY = 2;
			};
			name = Release;
		};
/* End XCBuildConfiguration section */

/* Begin XCConfigurationList section */
		AB80C3C42878DB0C00919756 /* Build configuration list for PBXProject "FEMClock" */ = {
			isa = XCConfigurationList;
			buildConfigurations = (
				AB80C3D52878DB0D00919756 /* Debug */,
				AB80C3D62878DB0D00919756 /* Release */,
			);
			defaultConfigurationIsVisible = 0;
			defaultConfigurationName = Release;
		};
		AB80C3D72878DB0D00919756 /* Build configuration list for PBXNativeTarget "FEMClock" */ = {
			isa = XCConfigurationList;
			buildConfigurations = (
				AB80C3D82878DB0D00919756 /* Debug */,
				AB80C3D92878DB0D00919756 /* Release */,
			);
			defaultConfigurationIsVisible = 0;
			defaultConfigurationName = Release;
		};
/* End XCConfigurationList section */
	};
	rootObject = AB80C3C12878DB0C00919756 /* Project object */;
}
